<?xml version="1.0" encoding="utf-8"?>
<Project ToolsVersion="4.0" xmlns="http://schemas.microsoft.com/developer/msbuild/2003">
  <ItemGroup>
    <Filter Include="Header Files">
      <UniqueIdentifier>{93995380-89BD-4b04-88EB-625FBE52EBFB}</UniqueIdentifier>
      <Extensions>h;hh;hpp;hxx;hm;inl;inc;ipp;xsd</Extensions>
    </Filter>
    <Filter Include="Resource Files">
      <UniqueIdentifier>{67DA6AB6-F800-4c08-8B7A-83BB121AAD01}</UniqueIdentifier>
      <Extensions>rc;ico;cur;bmp;dlg;rc2;rct;bin;rgs;gif;jpg;jpeg;jpe;resx;tiff;tif;png;wav;mfcribbon-ms</Extensions>
    </Filter>
  </ItemGroup>
  <ItemGroup>
    <ClCompile Include="Src\Core\main.cpp" />
    <ClCompile Include="Src\Vi\Sys\Window.cpp" />
    <ClCompile Include="Src\Vi\Math\Vector2.cpp" />
    <ClCompile Include="Src\Core\Vi.cpp" />
    <ClCompile Include="Src\Vi\Sys\GoManager.cpp" />
    <ClCompile Include="Src\Core\Entities\Maze\Maze.cpp" />
    <ClCompile Include="Src\Core\Model.cpp" />
    <ClCompile Include="Src\Core\Entities\Maze\Tiles\Wall.cpp" />
    <ClCompile Include="Src\Core\Entities\Maze\Tiles\SimpleTile.cpp" />
    <ClCompile Include="Src\Core\Entities\Maze\Tiles\Agent.cpp" />
    <ClCompile Include="Src\Core\Entities\Maze\Camera.cpp" />
    <ClCompile Include="Src\Core\Entities\Maze\Tiles\Goal.cpp" />
  </ItemGroup>
  <ItemGroup>
    <ClInclude Include="Src\Vi\Sys\Window.h">
      <Filter>Header Files</Filter>
    </ClInclude>
    <ClInclude Include="Src\Vi\Global\Consts.h">
      <Filter>Header Files</Filter>
    </ClInclude>
    <ClInclude Include="Src\Vi\Math\Vector2.h">
      <Filter>Header Files</Filter>
    </ClInclude>
    <ClInclude Include="Src\Core\Vi.h">
      <Filter>Header Files</Filter>
    </ClInclude>
    <ClInclude Include="Src\Vi\Sys\GoManager.h">
      <Filter>Header Files</Filter>
    </ClInclude>
    <ClInclude Include="Src\Vi\Math\ViMath.h">
      <Filter>Header Files</Filter>
    </ClInclude>
    <ClInclude Include="Src\Core\Entities\Maze\Maze.h">
      <Filter>Header Files</Filter>
    </ClInclude>
    <ClInclude Include="Src\Core\Model.h">
      <Filter>Header Files</Filter>
    </ClInclude>
    <ClInclude Include="Src\Core\Entities\Maze\Tiles\Tile.h">
      <Filter>Header Files</Filter>
    </ClInclude>
    <ClInclude Include="Src\Core\Entities\Maze\Tiles\Wall.h">
      <Filter>Header Files</Filter>
    </ClInclude>
    <ClInclude Include="Src\Core\Entities\Maze\Tiles\SimpleTile.h">
      <Filter>Header Files</Filter>
    </ClInclude>
    <ClInclude Include="Src\Core\Entities\Maze\Tiles\Tiles.h">
      <Filter>Header Files</Filter>
    </ClInclude>
    <ClInclude Include="Src\Core\Entities\Maze\Tiles\Agent.h">
      <Filter>Header Files</Filter>
    </ClInclude>
    <ClInclude Include="Src\Vi\GO\GameObject.h">
      <Filter>Header Files</Filter>
    </ClInclude>
    <ClInclude Include="Src\Core\Entities\Maze\Camera.h">
      <Filter>Header Files</Filter>
    </ClInclude>
    <ClInclude Include="Src\Core\Entities\Maze\Tiles\Goal.h">
      <Filter>Header Files</Filter>
    </ClInclude>
    <ClInclude Include="Src\Vi\Sys\ReManager.h">
      <Filter>Header Files</Filter>
    </ClInclude>
    <ClInclude Include="Src\Core\GUI\Dummy.h">
      <Filter>Header Files</Filter>
    </ClInclude>
  </ItemGroup>
</Project>